// !$*UTF8*$!
{
	archiveVersion = 1;
	classes = {
	};
	objectVersion = 50;
	objects = {

/* Begin PBXBuildFile section */
		EA266EA720D0C8F600C1147D /* AppDelegate.swift in Sources */ = {isa = PBXBuildFile; fileRef = EA266EA620D0C8F600C1147D /* AppDelegate.swift */; };
		EA266EA920D0C8F600C1147D /* ViewController.swift in Sources */ = {isa = PBXBuildFile; fileRef = EA266EA820D0C8F600C1147D /* ViewController.swift */; };
		EA266EAC20D0C8F600C1147D /* Main.storyboard in Resources */ = {isa = PBXBuildFile; fileRef = EA266EAA20D0C8F600C1147D /* Main.storyboard */; };
		EA266EAE20D0C8F700C1147D /* Assets.xcassets in Resources */ = {isa = PBXBuildFile; fileRef = EA266EAD20D0C8F700C1147D /* Assets.xcassets */; };
		EA266EB120D0C8F700C1147D /* LaunchScreen.storyboard in Resources */ = {isa = PBXBuildFile; fileRef = EA266EAF20D0C8F700C1147D /* LaunchScreen.storyboard */; };
		EA266EBC20D0C8F700C1147D /* PreGraphQLTests.swift in Sources */ = {isa = PBXBuildFile; fileRef = EA266EBB20D0C8F700C1147D /* PreGraphQLTests.swift */; };
		EA266EC720D0C8F700C1147D /* PreGraphQLUITests.swift in Sources */ = {isa = PBXBuildFile; fileRef = EA266EC620D0C8F700C1147D /* PreGraphQLUITests.swift */; };
/* End PBXBuildFile section */

/* Begin PBXContainerItemProxy section */
		EA266EB820D0C8F700C1147D /* PBXContainerItemProxy */ = {
			isa = PBXContainerItemProxy;
			containerPortal = EA266E9B20D0C8F600C1147D /* Project object */;
			proxyType = 1;
			remoteGlobalIDString = EA266EA220D0C8F600C1147D;
			remoteInfo = PreGraphQL;
		};
		EA266EC320D0C8F700C1147D /* PBXContainerItemProxy */ = {
			isa = PBXContainerItemProxy;
			containerPortal = EA266E9B20D0C8F600C1147D /* Project object */;
			proxyType = 1;
			remoteGlobalIDString = EA266EA220D0C8F600C1147D;
			remoteInfo = PreGraphQL;
		};
/* End PBXContainerItemProxy section */

/* Begin PBXFileReference section */
		EA266EA320D0C8F600C1147D /* PreGraphQL.app */ = {isa = PBXFileReference; explicitFileType = wrapper.application; includeInIndex = 0; path = PreGraphQL.app; sourceTree = BUILT_PRODUCTS_DIR; };
		EA266EA620D0C8F600C1147D /* AppDelegate.swift */ = {isa = PBXFileReference; lastKnownFileType = sourcecode.swift; path = AppDelegate.swift; sourceTree = "<group>"; };
		EA266EA820D0C8F600C1147D /* ViewController.swift */ = {isa = PBXFileReference; lastKnownFileType = sourcecode.swift; path = ViewController.swift; sourceTree = "<group>"; };
		EA266EAB20D0C8F600C1147D /* Base */ = {isa = PBXFileReference; lastKnownFileType = file.storyboard; name = Base; path = Base.lproj/Main.storyboard; sourceTree = "<group>"; };
		EA266EAD20D0C8F700C1147D /* Assets.xcassets */ = {isa = PBXFileReference; lastKnownFileType = folder.assetcatalog; path = Assets.xcassets; sourceTree = "<group>"; };
		EA266EB020D0C8F700C1147D /* Base */ = {isa = PBXFileReference; lastKnownFileType = file.storyboard; name = Base; path = Base.lproj/LaunchScreen.storyboard; sourceTree = "<group>"; };
		EA266EB220D0C8F700C1147D /* Info.plist */ = {isa = PBXFileReference; lastKnownFileType = text.plist.xml; path = Info.plist; sourceTree = "<group>"; };
		EA266EB720D0C8F700C1147D /* PreGraphQLTests.xctest */ = {isa = PBXFileReference; explicitFileType = wrapper.cfbundle; includeInIndex = 0; path = PreGraphQLTests.xctest; sourceTree = BUILT_PRODUCTS_DIR; };
		EA266EBB20D0C8F700C1147D /* PreGraphQLTests.swift */ = {isa = PBXFileReference; lastKnownFileType = sourcecode.swift; path = PreGraphQLTests.swift; sourceTree = "<group>"; };
		EA266EBD20D0C8F700C1147D /* Info.plist */ = {isa = PBXFileReference; lastKnownFileType = text.plist.xml; path = Info.plist; sourceTree = "<group>"; };
		EA266EC220D0C8F700C1147D /* PreGraphQLUITests.xctest */ = {isa = PBXFileReference; explicitFileType = wrapper.cfbundle; includeInIndex = 0; path = PreGraphQLUITests.xctest; sourceTree = BUILT_PRODUCTS_DIR; };
		EA266EC620D0C8F700C1147D /* PreGraphQLUITests.swift */ = {isa = PBXFileReference; lastKnownFileType = sourcecode.swift; path = PreGraphQLUITests.swift; sourceTree = "<group>"; };
		EA266EC820D0C8F700C1147D /* Info.plist */ = {isa = PBXFileReference; lastKnownFileType = text.plist.xml; path = Info.plist; sourceTree = "<group>"; };
/* End PBXFileReference section */

/* Begin PBXFrameworksBuildPhase section */
		EA266EA020D0C8F600C1147D /* Frameworks */ = {
			isa = PBXFrameworksBuildPhase;
			buildActionMask = 2147483647;
			files = (
			);
			runOnlyForDeploymentPostprocessing = 0;
		};
		EA266EB420D0C8F700C1147D /* Frameworks */ = {
			isa = PBXFrameworksBuildPhase;
			buildActionMask = 2147483647;
			files = (
			);
			runOnlyForDeploymentPostprocessing = 0;
		};
		EA266EBF20D0C8F700C1147D /* Frameworks */ = {
			isa = PBXFrameworksBuildPhase;
			buildActionMask = 2147483647;
			files = (
			);
			runOnlyForDeploymentPostprocessing = 0;
		};
/* End PBXFrameworksBuildPhase section */

/* Begin PBXGroup section */
		EA266E9A20D0C8F600C1147D = {
			isa = PBXGroup;
			children = (
				EA266EA520D0C8F600C1147D /* PreGraphQL */,
				EA266EBA20D0C8F700C1147D /* PreGraphQLTests */,
				EA266EC520D0C8F700C1147D /* PreGraphQLUITests */,
				EA266EA420D0C8F600C1147D /* Products */,
			);
			sourceTree = "<group>";
		};
		EA266EA420D0C8F600C1147D /* Products */ = {
			isa = PBXGroup;
			children = (
				EA266EA320D0C8F600C1147D /* PreGraphQL.app */,
				EA266EB720D0C8F700C1147D /* PreGraphQLTests.xctest */,
				EA266EC220D0C8F700C1147D /* PreGraphQLUITests.xctest */,
			);
			name = Products;
			sourceTree = "<group>";
		};
		EA266EA520D0C8F600C1147D /* PreGraphQL */ = {
			isa = PBXGroup;
			children = (
				EA266EA620D0C8F600C1147D /* AppDelegate.swift */,
				EA266EA820D0C8F600C1147D /* ViewController.swift */,
				EA266EAA20D0C8F600C1147D /* Main.storyboard */,
				EA266EAD20D0C8F700C1147D /* Assets.xcassets */,
				EA266EAF20D0C8F700C1147D /* LaunchScreen.storyboard */,
				EA266EB220D0C8F700C1147D /* Info.plist */,
			);
			path = PreGraphQL;
			sourceTree = "<group>";
		};
		EA266EBA20D0C8F700C1147D /* PreGraphQLTests */ = {
			isa = PBXGroup;
			children = (
				EA266EBB20D0C8F700C1147D /* PreGraphQLTests.swift */,
				EA266EBD20D0C8F700C1147D /* Info.plist */,
			);
			path = PreGraphQLTests;
			sourceTree = "<group>";
		};
		EA266EC520D0C8F700C1147D /* PreGraphQLUITests */ = {
			isa = PBXGroup;
			children = (
				EA266EC620D0C8F700C1147D /* PreGraphQLUITests.swift */,
				EA266EC820D0C8F700C1147D /* Info.plist */,
			);
			path = PreGraphQLUITests;
			sourceTree = "<group>";
		};
/* End PBXGroup section */

/* Begin PBXNativeTarget section */
		EA266EA220D0C8F600C1147D /* PreGraphQL */ = {
			isa = PBXNativeTarget;
			buildConfigurationList = EA266ECB20D0C8F700C1147D /* Build configuration list for PBXNativeTarget "PreGraphQL" */;
			buildPhases = (
				EA266E9F20D0C8F600C1147D /* Sources */,
				EA266EA020D0C8F600C1147D /* Frameworks */,
				EA266EA120D0C8F600C1147D /* Resources */,
			);
			buildRules = (
			);
			dependencies = (
			);
			name = PreGraphQL;
			productName = PreGraphQL;
			productReference = EA266EA320D0C8F600C1147D /* PreGraphQL.app */;
			productType = "com.apple.product-type.application";
		};
		EA266EB620D0C8F700C1147D /* PreGraphQLTests */ = {
			isa = PBXNativeTarget;
			buildConfigurationList = EA266ECE20D0C8F700C1147D /* Build configuration list for PBXNativeTarget "PreGraphQLTests" */;
			buildPhases = (
				EA266EB320D0C8F700C1147D /* Sources */,
				EA266EB420D0C8F700C1147D /* Frameworks */,
				EA266EB520D0C8F700C1147D /* Resources */,
			);
			buildRules = (
			);
			dependencies = (
				EA266EB920D0C8F700C1147D /* PBXTargetDependency */,
			);
			name = PreGraphQLTests;
			productName = PreGraphQLTests;
			productReference = EA266EB720D0C8F700C1147D /* PreGraphQLTests.xctest */;
			productType = "com.apple.product-type.bundle.unit-test";
		};
		EA266EC120D0C8F700C1147D /* PreGraphQLUITests */ = {
			isa = PBXNativeTarget;
			buildConfigurationList = EA266ED120D0C8F700C1147D /* Build configuration list for PBXNativeTarget "PreGraphQLUITests" */;
			buildPhases = (
				EA266EBE20D0C8F700C1147D /* Sources */,
				EA266EBF20D0C8F700C1147D /* Frameworks */,
				EA266EC020D0C8F700C1147D /* Resources */,
			);
			buildRules = (
			);
			dependencies = (
				EA266EC420D0C8F700C1147D /* PBXTargetDependency */,
			);
			name = PreGraphQLUITests;
			productName = PreGraphQLUITests;
			productReference = EA266EC220D0C8F700C1147D /* PreGraphQLUITests.xctest */;
			productType = "com.apple.product-type.bundle.ui-testing";
		};
/* End PBXNativeTarget section */

/* Begin PBXProject section */
		EA266E9B20D0C8F600C1147D /* Project object */ = {
			isa = PBXProject;
			attributes = {
				LastSwiftUpdateCheck = 0940;
				LastUpgradeCheck = 0940;
				ORGANIZATIONNAME = "Masakazu Sano";
				TargetAttributes = {
					EA266EA220D0C8F600C1147D = {
						CreatedOnToolsVersion = 9.4;
					};
					EA266EB620D0C8F700C1147D = {
						CreatedOnToolsVersion = 9.4;
						TestTargetID = EA266EA220D0C8F600C1147D;
					};
					EA266EC120D0C8F700C1147D = {
						CreatedOnToolsVersion = 9.4;
						TestTargetID = EA266EA220D0C8F600C1147D;
					};
				};
			};
			buildConfigurationList = EA266E9E20D0C8F600C1147D /* Build configuration list for PBXProject "PreGraphQL" */;
			compatibilityVersion = "Xcode 9.3";
			developmentRegion = en;
			hasScannedForEncodings = 0;
			knownRegions = (
				en,
				Base,
			);
			mainGroup = EA266E9A20D0C8F600C1147D;
			productRefGroup = EA266EA420D0C8F600C1147D /* Products */;
			projectDirPath = "";
			projectRoot = "";
			targets = (
				EA266EA220D0C8F600C1147D /* PreGraphQL */,
				EA266EB620D0C8F700C1147D /* PreGraphQLTests */,
				EA266EC120D0C8F700C1147D /* PreGraphQLUITests */,
			);
		};
/* End PBXProject section */

/* Begin PBXResourcesBuildPhase section */
		EA266EA120D0C8F600C1147D /* Resources */ = {
			isa = PBXResourcesBuildPhase;
			buildActionMask = 2147483647;
			files = (
				EA266EB120D0C8F700C1147D /* LaunchScreen.storyboard in Resources */,
				EA266EAE20D0C8F700C1147D /* Assets.xcassets in Resources */,
				EA266EAC20D0C8F600C1147D /* Main.storyboard in Resources */,
			);
			runOnlyForDeploymentPostprocessing = 0;
		};
		EA266EB520D0C8F700C1147D /* Resources */ = {
			isa = PBXResourcesBuildPhase;
			buildActionMask = 2147483647;
			files = (
			);
			runOnlyForDeploymentPostprocessing = 0;
		};
		EA266EC020D0C8F700C1147D /* Resources */ = {
			isa = PBXResourcesBuildPhase;
			buildActionMask = 2147483647;
			files = (
			);
			runOnlyForDeploymentPostprocessing = 0;
		};
/* End PBXResourcesBuildPhase section */

/* Begin PBXSourcesBuildPhase section */
		EA266E9F20D0C8F600C1147D /* Sources */ = {
			isa = PBXSourcesBuildPhase;
			buildActionMask = 2147483647;
			files = (
				EA266EA920D0C8F600C1147D /* ViewController.swift in Sources */,
				EA266EA720D0C8F600C1147D /* AppDelegate.swift in Sources */,
			);
			runOnlyForDeploymentPostprocessing = 0;
		};
		EA266EB320D0C8F700C1147D /* Sources */ = {
			isa = PBXSourcesBuildPhase;
			buildActionMask = 2147483647;
			files = (
				EA266EBC20D0C8F700C1147D /* PreGraphQLTests.swift in Sources */,
			);
			runOnlyForDeploymentPostprocessing = 0;
		};
		EA266EBE20D0C8F700C1147D /* Sources */ = {
			isa = PBXSourcesBuildPhase;
			buildActionMask = 2147483647;
			files = (
				EA266EC720D0C8F700C1147D /* PreGraphQLUITests.swift in Sources */,
			);
			runOnlyForDeploymentPostprocessing = 0;
		};
/* End PBXSourcesBuildPhase section */

/* Begin PBXTargetDependency section */
		EA266EB920D0C8F700C1147D /* PBXTargetDependency */ = {
			isa = PBXTargetDependency;
			target = EA266EA220D0C8F600C1147D /* PreGraphQL */;
			targetProxy = EA266EB820D0C8F700C1147D /* PBXContainerItemProxy */;
		};
		EA266EC420D0C8F700C1147D /* PBXTargetDependency */ = {
			isa = PBXTargetDependency;
			target = EA266EA220D0C8F600C1147D /* PreGraphQL */;
			targetProxy = EA266EC320D0C8F700C1147D /* PBXContainerItemProxy */;
		};
/* End PBXTargetDependency section */

/* Begin PBXVariantGroup section */
		EA266EAA20D0C8F600C1147D /* Main.storyboard */ = {
			isa = PBXVariantGroup;
			children = (
				EA266EAB20D0C8F600C1147D /* Base */,
			);
			name = Main.storyboard;
			sourceTree = "<group>";
		};
		EA266EAF20D0C8F700C1147D /* LaunchScreen.storyboard */ = {
			isa = PBXVariantGroup;
			children = (
				EA266EB020D0C8F700C1147D /* Base */,
			);
			name = LaunchScreen.storyboard;
			sourceTree = "<group>";
		};
/* End PBXVariantGroup section */

/* Begin XCBuildConfiguration section */
		EA266EC920D0C8F700C1147D /* Debug */ = {
			isa = XCBuildConfiguration;
			buildSettings = {
				ALWAYS_SEARCH_USER_PATHS = NO;
				CLANG_ANALYZER_NONNULL = YES;
				CLANG_ANALYZER_NUMBER_OBJECT_CONVERSION = YES_AGGRESSIVE;
				CLANG_CXX_LANGUAGE_STANDARD = "gnu++14";
				CLANG_CXX_LIBRARY = "libc++";
				CLANG_ENABLE_MODULES = YES;
				CLANG_ENABLE_OBJC_ARC = YES;
				CLANG_ENABLE_OBJC_WEAK = YES;
				CLANG_WARN_BLOCK_CAPTURE_AUTORELEASING = YES;
				CLANG_WARN_BOOL_CONVERSION = YES;
				CLANG_WARN_COMMA = YES;
				CLANG_WARN_CONSTANT_CONVERSION = YES;
				CLANG_WARN_DEPRECATED_OBJC_IMPLEMENTATIONS = YES;
				CLANG_WARN_DIRECT_OBJC_ISA_USAGE = YES_ERROR;
				CLANG_WARN_DOCUMENTATION_COMMENTS = YES;
				CLANG_WARN_EMPTY_BODY = YES;
				CLANG_WARN_ENUM_CONVERSION = YES;
				CLANG_WARN_INFINITE_RECURSION = YES;
				CLANG_WARN_INT_CONVERSION = YES;
				CLANG_WARN_NON_LITERAL_NULL_CONVERSION = YES;
				CLANG_WARN_OBJC_IMPLICIT_RETAIN_SELF = YES;
				CLANG_WARN_OBJC_LITERAL_CONVERSION = YES;
				CLANG_WARN_OBJC_ROOT_CLASS = YES_ERROR;
				CLANG_WARN_RANGE_LOOP_ANALYSIS = YES;
				CLANG_WARN_STRICT_PROTOTYPES = YES;
				CLANG_WARN_SUSPICIOUS_MOVE = YES;
				CLANG_WARN_UNGUARDED_AVAILABILITY = YES_AGGRESSIVE;
				CLANG_WARN_UNREACHABLE_CODE = YES;
				CLANG_WARN__DUPLICATE_METHOD_MATCH = YES;
				CODE_SIGN_IDENTITY = "iPhone Developer";
				COPY_PHASE_STRIP = NO;
				DEBUG_INFORMATION_FORMAT = dwarf;
				ENABLE_STRICT_OBJC_MSGSEND = YES;
				ENABLE_TESTABILITY = YES;
				GCC_C_LANGUAGE_STANDARD = gnu11;
				GCC_DYNAMIC_NO_PIC = NO;
				GCC_NO_COMMON_BLOCKS = YES;
				GCC_OPTIMIZATION_LEVEL = 0;
				GCC_PREPROCESSOR_DEFINITIONS = (
					"DEBUG=1",
					"$(inherited)",
				);
				GCC_WARN_64_TO_32_BIT_CONVERSION = YES;
				GCC_WARN_ABOUT_RETURN_TYPE = YES_ERROR;
				GCC_WARN_UNDECLARED_SELECTOR = YES;
				GCC_WARN_UNINITIALIZED_AUTOS = YES_AGGRESSIVE;
				GCC_WARN_UNUSED_FUNCTION = YES;
				GCC_WARN_UNUSED_VARIABLE = YES;
				IPHONEOS_DEPLOYMENT_TARGET = 11.4;
				MTL_ENABLE_DEBUG_INFO = YES;
				ONLY_ACTIVE_ARCH = YES;
				SDKROOT = iphoneos;
				SWIFT_ACTIVE_COMPILATION_CONDITIONS = DEBUG;
				SWIFT_OPTIMIZATION_LEVEL = "-Onone";
			};
			name = Debug;
		};
		EA266ECA20D0C8F700C1147D /* Release */ = {
			isa = XCBuildConfiguration;
			buildSettings = {
				ALWAYS_SEARCH_USER_PATHS = NO;
				CLANG_ANALYZER_NONNULL = YES;
				CLANG_ANALYZER_NUMBER_OBJECT_CONVERSION = YES_AGGRESSIVE;
				CLANG_CXX_LANGUAGE_STANDARD = "gnu++14";
				CLANG_CXX_LIBRARY = "libc++";
				CLANG_ENABLE_MODULES = YES;
				CLANG_ENABLE_OBJC_ARC = YES;
				CLANG_ENABLE_OBJC_WEAK = YES;
				CLANG_WARN_BLOCK_CAPTURE_AUTORELEASING = YES;
				CLANG_WARN_BOOL_CONVERSION = YES;
				CLANG_WARN_COMMA = YES;
				CLANG_WARN_CONSTANT_CONVERSION = YES;
				CLANG_WARN_DEPRECATED_OBJC_IMPLEMENTATIONS = YES;
				CLANG_WARN_DIRECT_OBJC_ISA_USAGE = YES_ERROR;
				CLANG_WARN_DOCUMENTATION_COMMENTS = YES;
				CLANG_WARN_EMPTY_BODY = YES;
				CLANG_WARN_ENUM_CONVERSION = YES;
				CLANG_WARN_INFINITE_RECURSION = YES;
				CLANG_WARN_INT_CONVERSION = YES;
				CLANG_WARN_NON_LITERAL_NULL_CONVERSION = YES;
				CLANG_WARN_OBJC_IMPLICIT_RETAIN_SELF = YES;
				CLANG_WARN_OBJC_LITERAL_CONVERSION = YES;
				CLANG_WARN_OBJC_ROOT_CLASS = YES_ERROR;
				CLANG_WARN_RANGE_LOOP_ANALYSIS = YES;
				CLANG_WARN_STRICT_PROTOTYPES = YES;
				CLANG_WARN_SUSPICIOUS_MOVE = YES;
				CLANG_WARN_UNGUARDED_AVAILABILITY = YES_AGGRESSIVE;
				CLANG_WARN_UNREACHABLE_CODE = YES;
				CLANG_WARN__DUPLICATE_METHOD_MATCH = YES;
				CODE_SIGN_IDENTITY = "iPhone Developer";
				COPY_PHASE_STRIP = NO;
				DEBUG_INFORMATION_FORMAT = "dwarf-with-dsym";
				ENABLE_NS_ASSERTIONS = NO;
				ENABLE_STRICT_OBJC_MSGSEND = YES;
				GCC_C_LANGUAGE_STANDARD = gnu11;
				GCC_NO_COMMON_BLOCKS = YES;
				GCC_WARN_64_TO_32_BIT_CONVERSION = YES;
				GCC_WARN_ABOUT_RETURN_TYPE = YES_ERROR;
				GCC_WARN_UNDECLARED_SELECTOR = YES;
				GCC_WARN_UNINITIALIZED_AUTOS = YES_AGGRESSIVE;
				GCC_WARN_UNUSED_FUNCTION = YES;
				GCC_WARN_UNUSED_VARIABLE = YES;
				IPHONEOS_DEPLOYMENT_TARGET = 11.4;
				MTL_ENABLE_DEBUG_INFO = NO;
				SDKROOT = iphoneos;
				SWIFT_COMPILATION_MODE = wholemodule;
				SWIFT_OPTIMIZATION_LEVEL = "-O";
				VALIDATE_PRODUCT = YES;
			};
			name = Release;
		};
		EA266ECC20D0C8F700C1147D /* Debug */ = {
			isa = XCBuildConfiguration;
			buildSettings = {
				ASSETCATALOG_COMPILER_APPICON_NAME = AppIcon;
				CODE_SIGN_STYLE = Automatic;
				DEVELOPMENT_TEAM = 3ZMTZ3U33V;
				INFOPLIST_FILE = PreGraphQL/Info.plist;
				LD_RUNPATH_SEARCH_PATHS = (
					"$(inherited)",
					"@executable_path/Frameworks",
				);
				PRODUCT_BUNDLE_IDENTIFIER = cc.ka56cd.PreGraphQL;
				PRODUCT_NAME = "$(TARGET_NAME)";
				SWIFT_VERSION = 4.0;
				TARGETED_DEVICE_FAMILY = "1,2";
			};
			name = Debug;
		};
		EA266ECD20D0C8F700C1147D /* Release */ = {
			isa = XCBuildConfiguration;
			buildSettings = {
				ASSETCATALOG_COMPILER_APPICON_NAME = AppIcon;
				CODE_SIGN_STYLE = Automatic;
				DEVELOPMENT_TEAM = 3ZMTZ3U33V;
				INFOPLIST_FILE = PreGraphQL/Info.plist;
				LD_RUNPATH_SEARCH_PATHS = (
					"$(inherited)",
					"@executable_path/Frameworks",
				);
				PRODUCT_BUNDLE_IDENTIFIER = cc.ka56cd.PreGraphQL;
				PRODUCT_NAME = "$(TARGET_NAME)";
				SWIFT_VERSION = 4.0;
				TARGETED_DEVICE_FAMILY = "1,2";
			};
			name = Release;
		};
		EA266ECF20D0C8F700C1147D /* Debug */ = {
			isa = XCBuildConfiguration;
			buildSettings = {
				ALWAYS_EMBED_SWIFT_STANDARD_LIBRARIES = YES;
				BUNDLE_LOADER = "$(TEST_HOST)";
				CODE_SIGN_STYLE = Automatic;
				DEVELOPMENT_TEAM = 3ZMTZ3U33V;
				INFOPLIST_FILE = PreGraphQLTests/Info.plist;
				LD_RUNPATH_SEARCH_PATHS = (
					"$(inherited)",
					"@executable_path/Frameworks",
					"@loader_path/Frameworks",
				);
				PRODUCT_BUNDLE_IDENTIFIER = cc.ka56cd.PreGraphQLTests;
				PRODUCT_NAME = "$(TARGET_NAME)";
				SWIFT_VERSION = 4.0;
				TARGETED_DEVICE_FAMILY = "1,2";
				TEST_HOST = "$(BUILT_PRODUCTS_DIR)/PreGraphQL.app/PreGraphQL";
			};
			name = Debug;
		};
		EA266ED020D0C8F700C1147D /* Release */ = {
			isa = XCBuildConfiguration;
			buildSettings = {
				ALWAYS_EMBED_SWIFT_STANDARD_LIBRARIES = YES;
				BUNDLE_LOADER = "$(TEST_HOST)";
				CODE_SIGN_STYLE = Automatic;
				DEVELOPMENT_TEAM = 3ZMTZ3U33V;
				INFOPLIST_FILE = PreGraphQLTests/Info.plist;
				LD_RUNPATH_SEARCH_PATHS = (
					"$(inherited)",
					"@executable_path/Frameworks",
					"@loader_path/Frameworks",
				);
				PRODUCT_BUNDLE_IDENTIFIER = cc.ka56cd.PreGraphQLTests;
				PRODUCT_NAME = "$(TARGET_NAME)";
				SWIFT_VERSION = 4.0;
				TARGETED_DEVICE_FAMILY = "1,2";
				TEST_HOST = "$(BUILT_PRODUCTS_DIR)/PreGraphQL.app/PreGraphQL";
			};
			name = Release;
		};
		EA266ED220D0C8F700C1147D /* Debug */ = {
			isa = XCBuildConfiguration;
			buildSettings = {
				ALWAYS_EMBED_SWIFT_STANDARD_LIBRARIES = YES;
				CODE_SIGN_STYLE = Automatic;
				DEVELOPMENT_TEAM = 3ZMTZ3U33V;
				INFOPLIST_FILE = PreGraphQLUITests/Info.plist;
				LD_RUNPATH_SEARCH_PATHS = (
					"$(inherited)",
					"@executable_path/Frameworks",
					"@loader_path/Frameworks",
				);
				PRODUCT_BUNDLE_IDENTIFIER = cc.ka56cd.PreGraphQLUITests;
				PRODUCT_NAME = "$(TARGET_NAME)";
				SWIFT_VERSION = 4.0;
				TARGETED_DEVICE_FAMILY = "1,2";
				TEST_TARGET_NAME = PreGraphQL;
			};
			name = Debug;
		};
		EA266ED320D0C8F700C1147D /* Release */ = {
			isa = XCBuildConfiguration;
			buildSettings = {
				ALWAYS_EMBED_SWIFT_STANDARD_LIBRARIES = YES;
				CODE_SIGN_STYLE = Automatic;
				DEVELOPMENT_TEAM = 3ZMTZ3U33V;
				INFOPLIST_FILE = PreGraphQLUITests/Info.plist;
				LD_RUNPATH_SEARCH_PATHS = (
					"$(inherited)",
					"@executable_path/Frameworks",
					"@loader_path/Frameworks",
				);
				PRODUCT_BUNDLE_IDENTIFIER = cc.ka56cd.PreGraphQLUITests;
				PRODUCT_NAME = "$(TARGET_NAME)";
				SWIFT_VERSION = 4.0;
				TARGETED_DEVICE_FAMILY = "1,2";
				TEST_TARGET_NAME = PreGraphQL;
			};
			name = Release;
		};
/* End XCBuildConfiguration section */

/* Begin XCConfigurationList section */
		EA266E9E20D0C8F600C1147D /* Build configuration list for PBXProject "PreGraphQL" */ = {
			isa = XCConfigurationList;
			buildConfigurations = (
				EA266EC920D0C8F700C1147D /* Debug */,
				EA266ECA20D0C8F700C1147D /* Release */,
			);
			defaultConfigurationIsVisible = 0;
			defaultConfigurationName = Release;
		};
		EA266ECB20D0C8F700C1147D /* Build configuration list for PBXNativeTarget "PreGraphQL" */ = {
			isa = XCConfigurationList;
			buildConfigurations = (
				EA266ECC20D0C8F700C1147D /* Debug */,
				EA266ECD20D0C8F700C1147D /* Release */,
			);
			defaultConfigurationIsVisible = 0;
			defaultConfigurationName = Release;
		};
		EA266ECE20D0C8F700C1147D /* Build configuration list for PBXNativeTarget "PreGraphQLTests" */ = {
			isa = XCConfigurationList;
			buildConfigurations = (
				EA266ECF20D0C8F700C1147D /* Debug */,
				EA266ED020D0C8F700C1147D /* Release */,
			);
			defaultConfigurationIsVisible = 0;
			defaultConfigurationName = Release;
		};
		EA266ED120D0C8F700C1147D /* Build configuration list for PBXNativeTarget "PreGraphQLUITests" */ = {
			isa = XCConfigurationList;
			buildConfigurations = (
				EA266ED220D0C8F700C1147D /* Debug */,
				EA266ED320D0C8F700C1147D /* Release */,
			);
			defaultConfigurationIsVisible = 0;
			defaultConfigurationName = Release;
		};
/* End XCConfigurationList section */
	};
	rootObject = EA266E9B20D0C8F600C1147D /* Project object */;
}
