// !$*UTF8*$!
{
	archiveVersion = 1;
	classes = {
	};
	objectVersion = 50;
	objects = {

/* Begin PBXBuildFile section */
		EA27F6E720D3927B0098409B /* AppDelegate.swift in Sources */ = {isa = PBXBuildFile; fileRef = EA27F6E620D3927B0098409B /* AppDelegate.swift */; };
		EA27F6E920D3927B0098409B /* ViewController.swift in Sources */ = {isa = PBXBuildFile; fileRef = EA27F6E820D3927B0098409B /* ViewController.swift */; };
		EA27F6EC20D3927B0098409B /* Main.storyboard in Resources */ = {isa = PBXBuildFile; fileRef = EA27F6EA20D3927B0098409B /* Main.storyboard */; };
		EA27F6EE20D3927C0098409B /* Assets.xcassets in Resources */ = {isa = PBXBuildFile; fileRef = EA27F6ED20D3927C0098409B /* Assets.xcassets */; };
		EA27F6F120D3927C0098409B /* LaunchScreen.storyboard in Resources */ = {isa = PBXBuildFile; fileRef = EA27F6EF20D3927C0098409B /* LaunchScreen.storyboard */; };
		EA27F6FC20D3927C0098409B /* PreGraphQLTests.swift in Sources */ = {isa = PBXBuildFile; fileRef = EA27F6FB20D3927C0098409B /* PreGraphQLTests.swift */; };
		EA27F70720D3927C0098409B /* PreGraphQLUITests.swift in Sources */ = {isa = PBXBuildFile; fileRef = EA27F70620D3927C0098409B /* PreGraphQLUITests.swift */; };
		EA27F71620D3940A0098409B /* Apollo.framework in Frameworks */ = {isa = PBXBuildFile; fileRef = EA27F71520D3940A0098409B /* Apollo.framework */; };
/* End PBXBuildFile section */

/* Begin PBXContainerItemProxy section */
		EA27F6F820D3927C0098409B /* PBXContainerItemProxy */ = {
			isa = PBXContainerItemProxy;
			containerPortal = EA27F6DB20D3927B0098409B /* Project object */;
			proxyType = 1;
			remoteGlobalIDString = EA27F6E220D3927B0098409B;
			remoteInfo = PreGraphQL;
		};
		EA27F70320D3927C0098409B /* PBXContainerItemProxy */ = {
			isa = PBXContainerItemProxy;
			containerPortal = EA27F6DB20D3927B0098409B /* Project object */;
			proxyType = 1;
			remoteGlobalIDString = EA27F6E220D3927B0098409B;
			remoteInfo = PreGraphQL;
		};
/* End PBXContainerItemProxy section */

/* Begin PBXFileReference section */
		EA27F6E320D3927B0098409B /* PreGraphQL.app */ = {isa = PBXFileReference; explicitFileType = wrapper.application; includeInIndex = 0; path = PreGraphQL.app; sourceTree = BUILT_PRODUCTS_DIR; };
		EA27F6E620D3927B0098409B /* AppDelegate.swift */ = {isa = PBXFileReference; lastKnownFileType = sourcecode.swift; path = AppDelegate.swift; sourceTree = "<group>"; };
		EA27F6E820D3927B0098409B /* ViewController.swift */ = {isa = PBXFileReference; lastKnownFileType = sourcecode.swift; path = ViewController.swift; sourceTree = "<group>"; };
		EA27F6EB20D3927B0098409B /* Base */ = {isa = PBXFileReference; lastKnownFileType = file.storyboard; name = Base; path = Base.lproj/Main.storyboard; sourceTree = "<group>"; };
		EA27F6ED20D3927C0098409B /* Assets.xcassets */ = {isa = PBXFileReference; lastKnownFileType = folder.assetcatalog; path = Assets.xcassets; sourceTree = "<group>"; };
		EA27F6F020D3927C0098409B /* Base */ = {isa = PBXFileReference; lastKnownFileType = file.storyboard; name = Base; path = Base.lproj/LaunchScreen.storyboard; sourceTree = "<group>"; };
		EA27F6F220D3927C0098409B /* Info.plist */ = {isa = PBXFileReference; lastKnownFileType = text.plist.xml; path = Info.plist; sourceTree = "<group>"; };
		EA27F6F720D3927C0098409B /* PreGraphQLTests.xctest */ = {isa = PBXFileReference; explicitFileType = wrapper.cfbundle; includeInIndex = 0; path = PreGraphQLTests.xctest; sourceTree = BUILT_PRODUCTS_DIR; };
		EA27F6FB20D3927C0098409B /* PreGraphQLTests.swift */ = {isa = PBXFileReference; lastKnownFileType = sourcecode.swift; path = PreGraphQLTests.swift; sourceTree = "<group>"; };
		EA27F6FD20D3927C0098409B /* Info.plist */ = {isa = PBXFileReference; lastKnownFileType = text.plist.xml; path = Info.plist; sourceTree = "<group>"; };
		EA27F70220D3927C0098409B /* PreGraphQLUITests.xctest */ = {isa = PBXFileReference; explicitFileType = wrapper.cfbundle; includeInIndex = 0; path = PreGraphQLUITests.xctest; sourceTree = BUILT_PRODUCTS_DIR; };
		EA27F70620D3927C0098409B /* PreGraphQLUITests.swift */ = {isa = PBXFileReference; lastKnownFileType = sourcecode.swift; path = PreGraphQLUITests.swift; sourceTree = "<group>"; };
		EA27F70820D3927C0098409B /* Info.plist */ = {isa = PBXFileReference; lastKnownFileType = text.plist.xml; path = Info.plist; sourceTree = "<group>"; };
		EA27F71520D3940A0098409B /* Apollo.framework */ = {isa = PBXFileReference; lastKnownFileType = wrapper.framework; name = Apollo.framework; path = Carthage/Build/iOS/Apollo.framework; sourceTree = "<group>"; };
/* End PBXFileReference section */

/* Begin PBXFrameworksBuildPhase section */
		EA27F6E020D3927B0098409B /* Frameworks */ = {
			isa = PBXFrameworksBuildPhase;
			buildActionMask = 2147483647;
			files = (
				EA27F71620D3940A0098409B /* Apollo.framework in Frameworks */,
			);
			runOnlyForDeploymentPostprocessing = 0;
		};
		EA27F6F420D3927C0098409B /* Frameworks */ = {
			isa = PBXFrameworksBuildPhase;
			buildActionMask = 2147483647;
			files = (
			);
			runOnlyForDeploymentPostprocessing = 0;
		};
		EA27F6FF20D3927C0098409B /* Frameworks */ = {
			isa = PBXFrameworksBuildPhase;
			buildActionMask = 2147483647;
			files = (
			);
			runOnlyForDeploymentPostprocessing = 0;
		};
/* End PBXFrameworksBuildPhase section */

/* Begin PBXGroup section */
		EA27F6DA20D3927B0098409B = {
			isa = PBXGroup;
			children = (
				EA27F6E520D3927B0098409B /* PreGraphQL */,
				EA27F6FA20D3927C0098409B /* PreGraphQLTests */,
				EA27F70520D3927C0098409B /* PreGraphQLUITests */,
				EA27F6E420D3927B0098409B /* Products */,
				EA27F71420D394090098409B /* Frameworks */,
			);
			sourceTree = "<group>";
		};
		EA27F6E420D3927B0098409B /* Products */ = {
			isa = PBXGroup;
			children = (
				EA27F6E320D3927B0098409B /* PreGraphQL.app */,
				EA27F6F720D3927C0098409B /* PreGraphQLTests.xctest */,
				EA27F70220D3927C0098409B /* PreGraphQLUITests.xctest */,
			);
			name = Products;
			sourceTree = "<group>";
		};
		EA27F6E520D3927B0098409B /* PreGraphQL */ = {
			isa = PBXGroup;
			children = (
				EA27F6E620D3927B0098409B /* AppDelegate.swift */,
				EA27F6E820D3927B0098409B /* ViewController.swift */,
				EA27F6EA20D3927B0098409B /* Main.storyboard */,
				EA27F6ED20D3927C0098409B /* Assets.xcassets */,
				EA27F6EF20D3927C0098409B /* LaunchScreen.storyboard */,
				EA27F6F220D3927C0098409B /* Info.plist */,
			);
			path = PreGraphQL;
			sourceTree = "<group>";
		};
		EA27F6FA20D3927C0098409B /* PreGraphQLTests */ = {
			isa = PBXGroup;
			children = (
				EA27F6FB20D3927C0098409B /* PreGraphQLTests.swift */,
				EA27F6FD20D3927C0098409B /* Info.plist */,
			);
			path = PreGraphQLTests;
			sourceTree = "<group>";
		};
		EA27F70520D3927C0098409B /* PreGraphQLUITests */ = {
			isa = PBXGroup;
			children = (
				EA27F70620D3927C0098409B /* PreGraphQLUITests.swift */,
				EA27F70820D3927C0098409B /* Info.plist */,
			);
			path = PreGraphQLUITests;
			sourceTree = "<group>";
		};
		EA27F71420D394090098409B /* Frameworks */ = {
			isa = PBXGroup;
			children = (
				EA27F71520D3940A0098409B /* Apollo.framework */,
			);
			name = Frameworks;
			sourceTree = "<group>";
		};
/* End PBXGroup section */

/* Begin PBXNativeTarget section */
		EA27F6E220D3927B0098409B /* PreGraphQL */ = {
			isa = PBXNativeTarget;
			buildConfigurationList = EA27F70B20D3927C0098409B /* Build configuration list for PBXNativeTarget "PreGraphQL" */;
			buildPhases = (
				EA27F71820D395C20098409B /* Generate Apollo GraphQL API */,
				EA27F6DF20D3927B0098409B /* Sources */,
				EA27F6E020D3927B0098409B /* Frameworks */,
				EA27F6E120D3927B0098409B /* Resources */,
				EA27F71720D394100098409B /* Carthage */,
			);
			buildRules = (
			);
			dependencies = (
			);
			name = PreGraphQL;
			productName = PreGraphQL;
			productReference = EA27F6E320D3927B0098409B /* PreGraphQL.app */;
			productType = "com.apple.product-type.application";
		};
		EA27F6F620D3927C0098409B /* PreGraphQLTests */ = {
			isa = PBXNativeTarget;
			buildConfigurationList = EA27F70E20D3927C0098409B /* Build configuration list for PBXNativeTarget "PreGraphQLTests" */;
			buildPhases = (
				EA27F6F320D3927C0098409B /* Sources */,
				EA27F6F420D3927C0098409B /* Frameworks */,
				EA27F6F520D3927C0098409B /* Resources */,
			);
			buildRules = (
			);
			dependencies = (
				EA27F6F920D3927C0098409B /* PBXTargetDependency */,
			);
			name = PreGraphQLTests;
			productName = PreGraphQLTests;
			productReference = EA27F6F720D3927C0098409B /* PreGraphQLTests.xctest */;
			productType = "com.apple.product-type.bundle.unit-test";
		};
		EA27F70120D3927C0098409B /* PreGraphQLUITests */ = {
			isa = PBXNativeTarget;
			buildConfigurationList = EA27F71120D3927C0098409B /* Build configuration list for PBXNativeTarget "PreGraphQLUITests" */;
			buildPhases = (
				EA27F6FE20D3927C0098409B /* Sources */,
				EA27F6FF20D3927C0098409B /* Frameworks */,
				EA27F70020D3927C0098409B /* Resources */,
			);
			buildRules = (
			);
			dependencies = (
				EA27F70420D3927C0098409B /* PBXTargetDependency */,
			);
			name = PreGraphQLUITests;
			productName = PreGraphQLUITests;
			productReference = EA27F70220D3927C0098409B /* PreGraphQLUITests.xctest */;
			productType = "com.apple.product-type.bundle.ui-testing";
		};
/* End PBXNativeTarget section */

/* Begin PBXProject section */
		EA27F6DB20D3927B0098409B /* Project object */ = {
			isa = PBXProject;
			attributes = {
				LastSwiftUpdateCheck = 0940;
				LastUpgradeCheck = 0940;
				ORGANIZATIONNAME = "Masakazu Sano";
				TargetAttributes = {
					EA27F6E220D3927B0098409B = {
						CreatedOnToolsVersion = 9.4;
					};
					EA27F6F620D3927C0098409B = {
						CreatedOnToolsVersion = 9.4;
						TestTargetID = EA27F6E220D3927B0098409B;
					};
					EA27F70120D3927C0098409B = {
						CreatedOnToolsVersion = 9.4;
						TestTargetID = EA27F6E220D3927B0098409B;
					};
				};
			};
			buildConfigurationList = EA27F6DE20D3927B0098409B /* Build configuration list for PBXProject "PreGraphQL" */;
			compatibilityVersion = "Xcode 9.3";
			developmentRegion = en;
			hasScannedForEncodings = 0;
			knownRegions = (
				en,
				Base,
			);
			mainGroup = EA27F6DA20D3927B0098409B;
			productRefGroup = EA27F6E420D3927B0098409B /* Products */;
			projectDirPath = "";
			projectRoot = "";
			targets = (
				EA27F6E220D3927B0098409B /* PreGraphQL */,
				EA27F6F620D3927C0098409B /* PreGraphQLTests */,
				EA27F70120D3927C0098409B /* PreGraphQLUITests */,
			);
		};
/* End PBXProject section */

/* Begin PBXResourcesBuildPhase section */
		EA27F6E120D3927B0098409B /* Resources */ = {
			isa = PBXResourcesBuildPhase;
			buildActionMask = 2147483647;
			files = (
				EA27F6F120D3927C0098409B /* LaunchScreen.storyboard in Resources */,
				EA27F6EE20D3927C0098409B /* Assets.xcassets in Resources */,
				EA27F6EC20D3927B0098409B /* Main.storyboard in Resources */,
			);
			runOnlyForDeploymentPostprocessing = 0;
		};
		EA27F6F520D3927C0098409B /* Resources */ = {
			isa = PBXResourcesBuildPhase;
			buildActionMask = 2147483647;
			files = (
			);
			runOnlyForDeploymentPostprocessing = 0;
		};
		EA27F70020D3927C0098409B /* Resources */ = {
			isa = PBXResourcesBuildPhase;
			buildActionMask = 2147483647;
			files = (
			);
			runOnlyForDeploymentPostprocessing = 0;
		};
/* End PBXResourcesBuildPhase section */

/* Begin PBXShellScriptBuildPhase section */
		EA27F71720D394100098409B /* Carthage */ = {
			isa = PBXShellScriptBuildPhase;
			buildActionMask = 2147483647;
			files = (
			);
			inputPaths = (
				"$(SRCROOT)/Carthage/Build/iOS/Apollo.framework",
			);
			name = Carthage;
			outputPaths = (
			);
			runOnlyForDeploymentPostprocessing = 0;
			shellPath = /bin/sh;
			shellScript = "/usr/local/bin/carthage copy-frameworks\n";
		};
		EA27F71820D395C20098409B /* Generate Apollo GraphQL API */ = {
			isa = PBXShellScriptBuildPhase;
			buildActionMask = 2147483647;
			files = (
			);
			inputPaths = (
			);
			name = "Generate Apollo GraphQL API";
			outputPaths = (
			);
			runOnlyForDeploymentPostprocessing = 0;
			shellPath = /bin/sh;
			shellScript = "source ~/.bash_profile\n\nAPOLLO_FRAMEWORK_PATH=\"$(eval find $FRAMEWORK_SEARCH_PATHS -name \"Apollo.framework\" -maxdepth 1)\"\n\nif [ -z \"$APOLLO_FRAMEWORK_PATH\" ]; then\necho \"error: Couldn't find Apollo.framework in FRAMEWORK_SEARCH_PATHS; make sure to add the framework to your project.\"\nexit 1\nfi\n\ncd \"${SRCROOT}/${TARGET_NAME}\"\n$APOLLO_FRAMEWORK_PATH/check-and-run-apollo-codegen.sh generate $(find . -name '*.graphql') --schema schema.json --output API.swift";
		};
/* End PBXShellScriptBuildPhase section */

/* Begin PBXSourcesBuildPhase section */
		EA27F6DF20D3927B0098409B /* Sources */ = {
			isa = PBXSourcesBuildPhase;
			buildActionMask = 2147483647;
			files = (
				EA27F6E920D3927B0098409B /* ViewController.swift in Sources */,
				EA27F6E720D3927B0098409B /* AppDelegate.swift in Sources */,
			);
			runOnlyForDeploymentPostprocessing = 0;
		};
		EA27F6F320D3927C0098409B /* Sources */ = {
			isa = PBXSourcesBuildPhase;
			buildActionMask = 2147483647;
			files = (
				EA27F6FC20D3927C0098409B /* PreGraphQLTests.swift in Sources */,
			);
			runOnlyForDeploymentPostprocessing = 0;
		};
		EA27F6FE20D3927C0098409B /* Sources */ = {
			isa = PBXSourcesBuildPhase;
			buildActionMask = 2147483647;
			files = (
				EA27F70720D3927C0098409B /* PreGraphQLUITests.swift in Sources */,
			);
			runOnlyForDeploymentPostprocessing = 0;
		};
/* End PBXSourcesBuildPhase section */

/* Begin PBXTargetDependency section */
		EA27F6F920D3927C0098409B /* PBXTargetDependency */ = {
			isa = PBXTargetDependency;
			target = EA27F6E220D3927B0098409B /* PreGraphQL */;
			targetProxy = EA27F6F820D3927C0098409B /* PBXContainerItemProxy */;
		};
		EA27F70420D3927C0098409B /* PBXTargetDependency */ = {
			isa = PBXTargetDependency;
			target = EA27F6E220D3927B0098409B /* PreGraphQL */;
			targetProxy = EA27F70320D3927C0098409B /* PBXContainerItemProxy */;
		};
/* End PBXTargetDependency section */

/* Begin PBXVariantGroup section */
		EA27F6EA20D3927B0098409B /* Main.storyboard */ = {
			isa = PBXVariantGroup;
			children = (
				EA27F6EB20D3927B0098409B /* Base */,
			);
			name = Main.storyboard;
			sourceTree = "<group>";
		};
		EA27F6EF20D3927C0098409B /* LaunchScreen.storyboard */ = {
			isa = PBXVariantGroup;
			children = (
				EA27F6F020D3927C0098409B /* Base */,
			);
			name = LaunchScreen.storyboard;
			sourceTree = "<group>";
		};
/* End PBXVariantGroup section */

/* Begin XCBuildConfiguration section */
		EA27F70920D3927C0098409B /* Debug */ = {
			isa = XCBuildConfiguration;
			buildSettings = {
				ALWAYS_SEARCH_USER_PATHS = NO;
				CLANG_ANALYZER_NONNULL = YES;
				CLANG_ANALYZER_NUMBER_OBJECT_CONVERSION = YES_AGGRESSIVE;
				CLANG_CXX_LANGUAGE_STANDARD = "gnu++14";
				CLANG_CXX_LIBRARY = "libc++";
				CLANG_ENABLE_MODULES = YES;
				CLANG_ENABLE_OBJC_ARC = YES;
				CLANG_ENABLE_OBJC_WEAK = YES;
				CLANG_WARN_BLOCK_CAPTURE_AUTORELEASING = YES;
				CLANG_WARN_BOOL_CONVERSION = YES;
				CLANG_WARN_COMMA = YES;
				CLANG_WARN_CONSTANT_CONVERSION = YES;
				CLANG_WARN_DEPRECATED_OBJC_IMPLEMENTATIONS = YES;
				CLANG_WARN_DIRECT_OBJC_ISA_USAGE = YES_ERROR;
				CLANG_WARN_DOCUMENTATION_COMMENTS = YES;
				CLANG_WARN_EMPTY_BODY = YES;
				CLANG_WARN_ENUM_CONVERSION = YES;
				CLANG_WARN_INFINITE_RECURSION = YES;
				CLANG_WARN_INT_CONVERSION = YES;
				CLANG_WARN_NON_LITERAL_NULL_CONVERSION = YES;
				CLANG_WARN_OBJC_IMPLICIT_RETAIN_SELF = YES;
				CLANG_WARN_OBJC_LITERAL_CONVERSION = YES;
				CLANG_WARN_OBJC_ROOT_CLASS = YES_ERROR;
				CLANG_WARN_RANGE_LOOP_ANALYSIS = YES;
				CLANG_WARN_STRICT_PROTOTYPES = YES;
				CLANG_WARN_SUSPICIOUS_MOVE = YES;
				CLANG_WARN_UNGUARDED_AVAILABILITY = YES_AGGRESSIVE;
				CLANG_WARN_UNREACHABLE_CODE = YES;
				CLANG_WARN__DUPLICATE_METHOD_MATCH = YES;
				CODE_SIGN_IDENTITY = "iPhone Developer";
				COPY_PHASE_STRIP = NO;
				DEBUG_INFORMATION_FORMAT = dwarf;
				ENABLE_STRICT_OBJC_MSGSEND = YES;
				ENABLE_TESTABILITY = YES;
				GCC_C_LANGUAGE_STANDARD = gnu11;
				GCC_DYNAMIC_NO_PIC = NO;
				GCC_NO_COMMON_BLOCKS = YES;
				GCC_OPTIMIZATION_LEVEL = 0;
				GCC_PREPROCESSOR_DEFINITIONS = (
					"DEBUG=1",
					"$(inherited)",
				);
				GCC_WARN_64_TO_32_BIT_CONVERSION = YES;
				GCC_WARN_ABOUT_RETURN_TYPE = YES_ERROR;
				GCC_WARN_UNDECLARED_SELECTOR = YES;
				GCC_WARN_UNINITIALIZED_AUTOS = YES_AGGRESSIVE;
				GCC_WARN_UNUSED_FUNCTION = YES;
				GCC_WARN_UNUSED_VARIABLE = YES;
				IPHONEOS_DEPLOYMENT_TARGET = 11.4;
				MTL_ENABLE_DEBUG_INFO = YES;
				ONLY_ACTIVE_ARCH = YES;
				SDKROOT = iphoneos;
				SWIFT_ACTIVE_COMPILATION_CONDITIONS = DEBUG;
				SWIFT_OPTIMIZATION_LEVEL = "-Onone";
			};
			name = Debug;
		};
		EA27F70A20D3927C0098409B /* Release */ = {
			isa = XCBuildConfiguration;
			buildSettings = {
				ALWAYS_SEARCH_USER_PATHS = NO;
				CLANG_ANALYZER_NONNULL = YES;
				CLANG_ANALYZER_NUMBER_OBJECT_CONVERSION = YES_AGGRESSIVE;
				CLANG_CXX_LANGUAGE_STANDARD = "gnu++14";
				CLANG_CXX_LIBRARY = "libc++";
				CLANG_ENABLE_MODULES = YES;
				CLANG_ENABLE_OBJC_ARC = YES;
				CLANG_ENABLE_OBJC_WEAK = YES;
				CLANG_WARN_BLOCK_CAPTURE_AUTORELEASING = YES;
				CLANG_WARN_BOOL_CONVERSION = YES;
				CLANG_WARN_COMMA = YES;
				CLANG_WARN_CONSTANT_CONVERSION = YES;
				CLANG_WARN_DEPRECATED_OBJC_IMPLEMENTATIONS = YES;
				CLANG_WARN_DIRECT_OBJC_ISA_USAGE = YES_ERROR;
				CLANG_WARN_DOCUMENTATION_COMMENTS = YES;
				CLANG_WARN_EMPTY_BODY = YES;
				CLANG_WARN_ENUM_CONVERSION = YES;
				CLANG_WARN_INFINITE_RECURSION = YES;
				CLANG_WARN_INT_CONVERSION = YES;
				CLANG_WARN_NON_LITERAL_NULL_CONVERSION = YES;
				CLANG_WARN_OBJC_IMPLICIT_RETAIN_SELF = YES;
				CLANG_WARN_OBJC_LITERAL_CONVERSION = YES;
				CLANG_WARN_OBJC_ROOT_CLASS = YES_ERROR;
				CLANG_WARN_RANGE_LOOP_ANALYSIS = YES;
				CLANG_WARN_STRICT_PROTOTYPES = YES;
				CLANG_WARN_SUSPICIOUS_MOVE = YES;
				CLANG_WARN_UNGUARDED_AVAILABILITY = YES_AGGRESSIVE;
				CLANG_WARN_UNREACHABLE_CODE = YES;
				CLANG_WARN__DUPLICATE_METHOD_MATCH = YES;
				CODE_SIGN_IDENTITY = "iPhone Developer";
				COPY_PHASE_STRIP = NO;
				DEBUG_INFORMATION_FORMAT = "dwarf-with-dsym";
				ENABLE_NS_ASSERTIONS = NO;
				ENABLE_STRICT_OBJC_MSGSEND = YES;
				GCC_C_LANGUAGE_STANDARD = gnu11;
				GCC_NO_COMMON_BLOCKS = YES;
				GCC_WARN_64_TO_32_BIT_CONVERSION = YES;
				GCC_WARN_ABOUT_RETURN_TYPE = YES_ERROR;
				GCC_WARN_UNDECLARED_SELECTOR = YES;
				GCC_WARN_UNINITIALIZED_AUTOS = YES_AGGRESSIVE;
				GCC_WARN_UNUSED_FUNCTION = YES;
				GCC_WARN_UNUSED_VARIABLE = YES;
				IPHONEOS_DEPLOYMENT_TARGET = 11.4;
				MTL_ENABLE_DEBUG_INFO = NO;
				SDKROOT = iphoneos;
				SWIFT_COMPILATION_MODE = wholemodule;
				SWIFT_OPTIMIZATION_LEVEL = "-O";
				VALIDATE_PRODUCT = YES;
			};
			name = Release;
		};
		EA27F70C20D3927C0098409B /* Debug */ = {
			isa = XCBuildConfiguration;
			buildSettings = {
				ASSETCATALOG_COMPILER_APPICON_NAME = AppIcon;
				CODE_SIGN_STYLE = Automatic;
				DEVELOPMENT_TEAM = 3ZMTZ3U33V;
				FRAMEWORK_SEARCH_PATHS = (
					"$(inherited)",
					"$(PROJECT_DIR)/Carthage/Build/iOS",
				);
				INFOPLIST_FILE = PreGraphQL/Info.plist;
				LD_RUNPATH_SEARCH_PATHS = (
					"$(inherited)",
					"@executable_path/Frameworks",
				);
				PRODUCT_BUNDLE_IDENTIFIER = cc.ka56cd.PreGraphQL;
				PRODUCT_NAME = "$(TARGET_NAME)";
				SWIFT_VERSION = 4.0;
				TARGETED_DEVICE_FAMILY = "1,2";
			};
			name = Debug;
		};
		EA27F70D20D3927C0098409B /* Release */ = {
			isa = XCBuildConfiguration;
			buildSettings = {
				ASSETCATALOG_COMPILER_APPICON_NAME = AppIcon;
				CODE_SIGN_STYLE = Automatic;
				DEVELOPMENT_TEAM = 3ZMTZ3U33V;
				FRAMEWORK_SEARCH_PATHS = (
					"$(inherited)",
					"$(PROJECT_DIR)/Carthage/Build/iOS",
				);
				INFOPLIST_FILE = PreGraphQL/Info.plist;
				LD_RUNPATH_SEARCH_PATHS = (
					"$(inherited)",
					"@executable_path/Frameworks",
				);
				PRODUCT_BUNDLE_IDENTIFIER = cc.ka56cd.PreGraphQL;
				PRODUCT_NAME = "$(TARGET_NAME)";
				SWIFT_VERSION = 4.0;
				TARGETED_DEVICE_FAMILY = "1,2";
			};
			name = Release;
		};
		EA27F70F20D3927C0098409B /* Debug */ = {
			isa = XCBuildConfiguration;
			buildSettings = {
				ALWAYS_EMBED_SWIFT_STANDARD_LIBRARIES = YES;
				BUNDLE_LOADER = "$(TEST_HOST)";
				CODE_SIGN_STYLE = Automatic;
				DEVELOPMENT_TEAM = 3ZMTZ3U33V;
				INFOPLIST_FILE = PreGraphQLTests/Info.plist;
				LD_RUNPATH_SEARCH_PATHS = (
					"$(inherited)",
					"@executable_path/Frameworks",
					"@loader_path/Frameworks",
				);
				PRODUCT_BUNDLE_IDENTIFIER = cc.ka56cd.PreGraphQLTests;
				PRODUCT_NAME = "$(TARGET_NAME)";
				SWIFT_VERSION = 4.0;
				TARGETED_DEVICE_FAMILY = "1,2";
				TEST_HOST = "$(BUILT_PRODUCTS_DIR)/PreGraphQL.app/PreGraphQL";
			};
			name = Debug;
		};
		EA27F71020D3927C0098409B /* Release */ = {
			isa = XCBuildConfiguration;
			buildSettings = {
				ALWAYS_EMBED_SWIFT_STANDARD_LIBRARIES = YES;
				BUNDLE_LOADER = "$(TEST_HOST)";
				CODE_SIGN_STYLE = Automatic;
				DEVELOPMENT_TEAM = 3ZMTZ3U33V;
				INFOPLIST_FILE = PreGraphQLTests/Info.plist;
				LD_RUNPATH_SEARCH_PATHS = (
					"$(inherited)",
					"@executable_path/Frameworks",
					"@loader_path/Frameworks",
				);
				PRODUCT_BUNDLE_IDENTIFIER = cc.ka56cd.PreGraphQLTests;
				PRODUCT_NAME = "$(TARGET_NAME)";
				SWIFT_VERSION = 4.0;
				TARGETED_DEVICE_FAMILY = "1,2";
				TEST_HOST = "$(BUILT_PRODUCTS_DIR)/PreGraphQL.app/PreGraphQL";
			};
			name = Release;
		};
		EA27F71220D3927C0098409B /* Debug */ = {
			isa = XCBuildConfiguration;
			buildSettings = {
				ALWAYS_EMBED_SWIFT_STANDARD_LIBRARIES = YES;
				CODE_SIGN_STYLE = Automatic;
				DEVELOPMENT_TEAM = 3ZMTZ3U33V;
				INFOPLIST_FILE = PreGraphQLUITests/Info.plist;
				LD_RUNPATH_SEARCH_PATHS = (
					"$(inherited)",
					"@executable_path/Frameworks",
					"@loader_path/Frameworks",
				);
				PRODUCT_BUNDLE_IDENTIFIER = cc.ka56cd.PreGraphQLUITests;
				PRODUCT_NAME = "$(TARGET_NAME)";
				SWIFT_VERSION = 4.0;
				TARGETED_DEVICE_FAMILY = "1,2";
				TEST_TARGET_NAME = PreGraphQL;
			};
			name = Debug;
		};
		EA27F71320D3927C0098409B /* Release */ = {
			isa = XCBuildConfiguration;
			buildSettings = {
				ALWAYS_EMBED_SWIFT_STANDARD_LIBRARIES = YES;
				CODE_SIGN_STYLE = Automatic;
				DEVELOPMENT_TEAM = 3ZMTZ3U33V;
				INFOPLIST_FILE = PreGraphQLUITests/Info.plist;
				LD_RUNPATH_SEARCH_PATHS = (
					"$(inherited)",
					"@executable_path/Frameworks",
					"@loader_path/Frameworks",
				);
				PRODUCT_BUNDLE_IDENTIFIER = cc.ka56cd.PreGraphQLUITests;
				PRODUCT_NAME = "$(TARGET_NAME)";
				SWIFT_VERSION = 4.0;
				TARGETED_DEVICE_FAMILY = "1,2";
				TEST_TARGET_NAME = PreGraphQL;
			};
			name = Release;
		};
/* End XCBuildConfiguration section */

/* Begin XCConfigurationList section */
		EA27F6DE20D3927B0098409B /* Build configuration list for PBXProject "PreGraphQL" */ = {
			isa = XCConfigurationList;
			buildConfigurations = (
				EA27F70920D3927C0098409B /* Debug */,
				EA27F70A20D3927C0098409B /* Release */,
			);
			defaultConfigurationIsVisible = 0;
			defaultConfigurationName = Release;
		};
		EA27F70B20D3927C0098409B /* Build configuration list for PBXNativeTarget "PreGraphQL" */ = {
			isa = XCConfigurationList;
			buildConfigurations = (
				EA27F70C20D3927C0098409B /* Debug */,
				EA27F70D20D3927C0098409B /* Release */,
			);
			defaultConfigurationIsVisible = 0;
			defaultConfigurationName = Release;
		};
		EA27F70E20D3927C0098409B /* Build configuration list for PBXNativeTarget "PreGraphQLTests" */ = {
			isa = XCConfigurationList;
			buildConfigurations = (
				EA27F70F20D3927C0098409B /* Debug */,
				EA27F71020D3927C0098409B /* Release */,
			);
			defaultConfigurationIsVisible = 0;
			defaultConfigurationName = Release;
		};
		EA27F71120D3927C0098409B /* Build configuration list for PBXNativeTarget "PreGraphQLUITests" */ = {
			isa = XCConfigurationList;
			buildConfigurations = (
				EA27F71220D3927C0098409B /* Debug */,
				EA27F71320D3927C0098409B /* Release */,
			);
			defaultConfigurationIsVisible = 0;
			defaultConfigurationName = Release;
		};
/* End XCConfigurationList section */
	};
	rootObject = EA27F6DB20D3927B0098409B /* Project object */;
}
